
Microsoft Visual Studio Solution File, Format Version 12.00
# Visual Studio Version 17
VisualStudioVersion = 17.13.35931.197 d17.13
MinimumVisualStudioVersion = 10.0.40219.1
Project("{FAE04EC0-301F-11D3-BF4B-00C04F79EFBC}") = "eSignASPLibrary", "eSignASPLibrary.csproj", "{EDFC37B6-F425-368F-CFF4-891CB1B66303}"
EndProject
Global
	GlobalSection(SolutionConfigurationPlatforms) = preSolution
		Debug|Any CPU = Debug|Any CPU
		Release|Any CPU = Release|Any CPU
	EndGlobalSection
	GlobalSection(ProjectConfigurationPlatforms) = postSolution
		{EDFC37B6-F425-368F-CFF4-891CB1B66303}.Debug|Any CPU.ActiveCfg = Debug|Any CPU
		{EDFC37B6-F425-368F-CFF4-891CB1B66303}.Debug|Any CPU.Build.0 = Debug|Any CPU
		{EDFC37B6-F425-368F-CFF4-891CB1B66303}.Release|Any CPU.ActiveCfg = Release|Any CPU
		{EDFC37B6-F425-368F-CFF4-891CB1B66303}.Release|Any CPU.Build.0 = Release|Any CPU
	EndGlobalSection
	GlobalSection(SolutionProperties) = preSolution
		HideSolutionNode = FALSE
	EndGlobalSection
	GlobalSection(ExtensibilityGlobals) = postSolution
		SolutionGuid = {B24CDE00-CA8F-4E45-BAAF-7DB54916AB81}
	EndGlobalSection
EndGlobal
